
Microsoft Visual Studio Solution File, Format Version 11.00
# Visual Studio 2010
Project("{FAE04EC0-301F-11D3-BF4B-00C04F79EFBC}") = "ludo", "Assembly-CSharp-firstpass.csproj", "{80CAC578-263A-FAA8-69BB-70749FC72C53}"
EndProject
Project("{FAE04EC0-301F-11D3-BF4B-00C04F79EFBC}") = "ludo", "Assembly-CSharp.csproj", "{90C982B8-7997-5E50-797A-538A5BCED848}"
EndProject
Global
	GlobalSection(SolutionConfigurationPlatforms) = preSolution
		Debug|Any CPU = Debug|Any CPU
		Release|Any CPU = Release|Any CPU
	EndGlobalSection
	GlobalSection(ProjectConfigurationPlatforms) = postSolution
		{80CAC578-263A-FAA8-69BB-70749FC72C53}.Debug|Any CPU.ActiveCfg = Debug|Any CPU
		{80CAC578-263A-FAA8-69BB-70749FC72C53}.Debug|Any CPU.Build.0 = Debug|Any CPU
		{80CAC578-263A-FAA8-69BB-70749FC72C53}.Release|Any CPU.ActiveCfg = Release|Any CPU
		{80CAC578-263A-FAA8-69BB-70749FC72C53}.Release|Any CPU.Build.0 = Release|Any CPU
		{90C982B8-7997-5E50-797A-538A5BCED848}.Debug|Any CPU.ActiveCfg = Debug|Any CPU
		{90C982B8-7997-5E50-797A-538A5BCED848}.Debug|Any CPU.Build.0 = Debug|Any CPU
		{90C982B8-7997-5E50-797A-538A5BCED848}.Release|Any CPU.ActiveCfg = Release|Any CPU
		{90C982B8-7997-5E50-797A-538A5BCED848}.Release|Any CPU.Build.0 = Release|Any CPU
	EndGlobalSection
	GlobalSection(SolutionProperties) = preSolution
		HideSolutionNode = FALSE
	EndGlobalSection
	GlobalSection(MonoDevelopProperties) = preSolution
		StartupItem = Assembly-CSharp.csproj
	EndGlobalSection
EndGlobal
